
Microsoft Visual Studio Solution File, Format Version 12.00
# Visual Studio 15
VisualStudioVersion = 15.0.28010.2026
MinimumVisualStudioVersion = 10.0.40219.1
Project("{8BC9CEB8-8B4A-11D0-8D11-00A0C91BC942}") = "recitation3", "recitation3\recitation3.vcxproj", "{8A3C681F-8C02-4F1F-A0A0-F7CD8063CD53}"
EndProject
Global
	GlobalSection(SolutionConfigurationPlatforms) = preSolution
		Debug|x64 = Debug|x64
		Debug|x86 = Debug|x86
		Release|x64 = Release|x64
		Release|x86 = Release|x86
	EndGlobalSection
	GlobalSection(ProjectConfigurationPlatforms) = postSolution
		{8A3C681F-8C02-4F1F-A0A0-F7CD8063CD53}.Debug|x64.ActiveCfg = Debug|x64
		{8A3C681F-8C02-4F1F-A0A0-F7CD8063CD53}.Debug|x64.Build.0 = Debug|x64
		{8A3C681F-8C02-4F1F-A0A0-F7CD8063CD53}.Debug|x86.ActiveCfg = Debug|Win32
		{8A3C681F-8C02-4F1F-A0A0-F7CD8063CD53}.Debug|x86.Build.0 = Debug|Win32
		{8A3C681F-8C02-4F1F-A0A0-F7CD8063CD53}.Release|x64.ActiveCfg = Release|x64
		{8A3C681F-8C02-4F1F-A0A0-F7CD8063CD53}.Release|x64.Build.0 = Release|x64
		{8A3C681F-8C02-4F1F-A0A0-F7CD8063CD53}.Release|x86.ActiveCfg = Release|Win32
		{8A3C681F-8C02-4F1F-A0A0-F7CD8063CD53}.Release|x86.Build.0 = Release|Win32
	EndGlobalSection
	GlobalSection(SolutionProperties) = preSolution
		HideSolutionNode = FALSE
	EndGlobalSection
	GlobalSection(ExtensibilityGlobals) = postSolution
		SolutionGuid = {3E174A44-7600-479B-8A1A-A61466FC4B55}
	EndGlobalSection
EndGlobal
