
Microsoft Visual Studio Solution File, Format Version 12.00
# Visual Studio 2013
VisualStudioVersion = 12.0.30723.0
MinimumVisualStudioVersion = 10.0.40219.1
Project("{8BC9CEB8-8B4A-11D0-8D11-00A0C91BC942}") = "CS3843", "CS3843\CS3843.vcxproj", "{527B2F7C-5A9E-4370-B999-63CFFF8A85CF}"
EndProject
Global
	GlobalSection(SolutionConfigurationPlatforms) = preSolution
		Debug|Win32 = Debug|Win32
		Release|Win32 = Release|Win32
	EndGlobalSection
	GlobalSection(ProjectConfigurationPlatforms) = postSolution
		{527B2F7C-5A9E-4370-B999-63CFFF8A85CF}.Debug|Win32.ActiveCfg = Debug|Win32
		{527B2F7C-5A9E-4370-B999-63CFFF8A85CF}.Debug|Win32.Build.0 = Debug|Win32
		{527B2F7C-5A9E-4370-B999-63CFFF8A85CF}.Release|Win32.ActiveCfg = Release|Win32
		{527B2F7C-5A9E-4370-B999-63CFFF8A85CF}.Release|Win32.Build.0 = Release|Win32
	EndGlobalSection
	GlobalSection(SolutionProperties) = preSolution
		HideSolutionNode = FALSE
	EndGlobalSection
EndGlobal
